
Microsoft Visual Studio Solution File, Format Version 12.00
# Visual Studio Version 16
VisualStudioVersion = 16.0.31005.135
MinimumVisualStudioVersion = 10.0.40219.1
Project("{9A19103F-16F7-4668-BE54-9A1E7A4F7556}") = "KampIntro", "KampIntro\KampIntro.csproj", "{2EF98C46-A520-402E-AEA9-EB207A53075B}"
EndProject
Project("{9A19103F-16F7-4668-BE54-9A1E7A4F7556}") = "Donguler", "Donguler\Donguler.csproj", "{D15A5912-3B82-4809-A700-EAF812DFE782}"
EndProject
Project("{9A19103F-16F7-4668-BE54-9A1E7A4F7556}") = "ClassIntro", "ClassIntro\ClassIntro.csproj", "{A594594B-62F4-490D-8B77-35A656BD4F13}"
EndProject
Project("{9A19103F-16F7-4668-BE54-9A1E7A4F7556}") = "Metotlar", "Metotlar\Metotlar.csproj", "{C868BEA9-8687-41F8-A8EE-9D4D7A09BCDC}"
EndProject
Project("{9A19103F-16F7-4668-BE54-9A1E7A4F7556}") = "Matematik", "Matematik\Matematik.csproj", "{CCE5EFEB-7D79-4BB7-82BD-19F3CA580A46}"
EndProject
Project("{9A19103F-16F7-4668-BE54-9A1E7A4F7556}") = "DegerVeReferansTipler", "DegerVeReferansTipler\DegerVeReferansTipler.csproj", "{C226E500-D1E5-4014-8373-493A68CE4418}"
EndProject
Project("{9A19103F-16F7-4668-BE54-9A1E7A4F7556}") = "OOP1", "OOP1\OOP1.csproj", "{93007EA4-E22D-4F68-9C92-C6047FE60330}"
EndProject
Project("{9A19103F-16F7-4668-BE54-9A1E7A4F7556}") = "Koleksiyonlar", "Koleksiyonlar\Koleksiyonlar.csproj", "{FEF8A93A-74AB-4C76-BD53-F72E9DC28BC2}"
EndProject
Project("{9A19103F-16F7-4668-BE54-9A1E7A4F7556}") = "GenericsIntro", "GenericsIntro\GenericsIntro.csproj", "{D7478811-9F24-41A4-A871-9059ACB742EC}"
EndProject
Project("{9A19103F-16F7-4668-BE54-9A1E7A4F7556}") = "OOP2", "OOP2\OOP2.csproj", "{5985ECF1-80C3-44D6-9985-32DA920E5E9C}"
EndProject
Project("{FAE04EC0-301F-11D3-BF4B-00C04F79EFBC}") = "OOP3", "OOP3\OOP3.csproj", "{83C388E1-A906-4260-9C39-61894EC36771}"
EndProject
Global
	GlobalSection(SolutionConfigurationPlatforms) = preSolution
		Debug|Any CPU = Debug|Any CPU
		Release|Any CPU = Release|Any CPU
	EndGlobalSection
	GlobalSection(ProjectConfigurationPlatforms) = postSolution
		{2EF98C46-A520-402E-AEA9-EB207A53075B}.Debug|Any CPU.ActiveCfg = Debug|Any CPU
		{2EF98C46-A520-402E-AEA9-EB207A53075B}.Debug|Any CPU.Build.0 = Debug|Any CPU
		{2EF98C46-A520-402E-AEA9-EB207A53075B}.Release|Any CPU.ActiveCfg = Release|Any CPU
		{2EF98C46-A520-402E-AEA9-EB207A53075B}.Release|Any CPU.Build.0 = Release|Any CPU
		{D15A5912-3B82-4809-A700-EAF812DFE782}.Debug|Any CPU.ActiveCfg = Debug|Any CPU
		{D15A5912-3B82-4809-A700-EAF812DFE782}.Debug|Any CPU.Build.0 = Debug|Any CPU
		{D15A5912-3B82-4809-A700-EAF812DFE782}.Release|Any CPU.ActiveCfg = Release|Any CPU
		{D15A5912-3B82-4809-A700-EAF812DFE782}.Release|Any CPU.Build.0 = Release|Any CPU
		{A594594B-62F4-490D-8B77-35A656BD4F13}.Debug|Any CPU.ActiveCfg = Debug|Any CPU
		{A594594B-62F4-490D-8B77-35A656BD4F13}.Debug|Any CPU.Build.0 = Debug|Any CPU
		{A594594B-62F4-490D-8B77-35A656BD4F13}.Release|Any CPU.ActiveCfg = Release|Any CPU
		{A594594B-62F4-490D-8B77-35A656BD4F13}.Release|Any CPU.Build.0 = Release|Any CPU
		{C868BEA9-8687-41F8-A8EE-9D4D7A09BCDC}.Debug|Any CPU.ActiveCfg = Debug|Any CPU
		{C868BEA9-8687-41F8-A8EE-9D4D7A09BCDC}.Debug|Any CPU.Build.0 = Debug|Any CPU
		{C868BEA9-8687-41F8-A8EE-9D4D7A09BCDC}.Release|Any CPU.ActiveCfg = Release|Any CPU
		{C868BEA9-8687-41F8-A8EE-9D4D7A09BCDC}.Release|Any CPU.Build.0 = Release|Any CPU
		{CCE5EFEB-7D79-4BB7-82BD-19F3CA580A46}.Debug|Any CPU.ActiveCfg = Debug|Any CPU
		{CCE5EFEB-7D79-4BB7-82BD-19F3CA580A46}.Debug|Any CPU.Build.0 = Debug|Any CPU
		{CCE5EFEB-7D79-4BB7-82BD-19F3CA580A46}.Release|Any CPU.ActiveCfg = Release|Any CPU
		{CCE5EFEB-7D79-4BB7-82BD-19F3CA580A46}.Release|Any CPU.Build.0 = Release|Any CPU
		{C226E500-D1E5-4014-8373-493A68CE4418}.Debug|Any CPU.ActiveCfg = Debug|Any CPU
		{C226E500-D1E5-4014-8373-493A68CE4418}.Debug|Any CPU.Build.0 = Debug|Any CPU
		{C226E500-D1E5-4014-8373-493A68CE4418}.Release|Any CPU.ActiveCfg = Release|Any CPU
		{C226E500-D1E5-4014-8373-493A68CE4418}.Release|Any CPU.Build.0 = Release|Any CPU
		{93007EA4-E22D-4F68-9C92-C6047FE60330}.Debug|Any CPU.ActiveCfg = Debug|Any CPU
		{93007EA4-E22D-4F68-9C92-C6047FE60330}.Debug|Any CPU.Build.0 = Debug|Any CPU
		{93007EA4-E22D-4F68-9C92-C6047FE60330}.Release|Any CPU.ActiveCfg = Release|Any CPU
		{93007EA4-E22D-4F68-9C92-C6047FE60330}.Release|Any CPU.Build.0 = Release|Any CPU
		{FEF8A93A-74AB-4C76-BD53-F72E9DC28BC2}.Debug|Any CPU.ActiveCfg = Debug|Any CPU
		{FEF8A93A-74AB-4C76-BD53-F72E9DC28BC2}.Debug|Any CPU.Build.0 = Debug|Any CPU
		{FEF8A93A-74AB-4C76-BD53-F72E9DC28BC2}.Release|Any CPU.ActiveCfg = Release|Any CPU
		{FEF8A93A-74AB-4C76-BD53-F72E9DC28BC2}.Release|Any CPU.Build.0 = Release|Any CPU
		{D7478811-9F24-41A4-A871-9059ACB742EC}.Debug|Any CPU.ActiveCfg = Debug|Any CPU
		{D7478811-9F24-41A4-A871-9059ACB742EC}.Debug|Any CPU.Build.0 = Debug|Any CPU
		{D7478811-9F24-41A4-A871-9059ACB742EC}.Release|Any CPU.ActiveCfg = Release|Any CPU
		{D7478811-9F24-41A4-A871-9059ACB742EC}.Release|Any CPU.Build.0 = Release|Any CPU
		{5985ECF1-80C3-44D6-9985-32DA920E5E9C}.Debug|Any CPU.ActiveCfg = Debug|Any CPU
		{5985ECF1-80C3-44D6-9985-32DA920E5E9C}.Debug|Any CPU.Build.0 = Debug|Any CPU
		{5985ECF1-80C3-44D6-9985-32DA920E5E9C}.Release|Any CPU.ActiveCfg = Release|Any CPU
		{5985ECF1-80C3-44D6-9985-32DA920E5E9C}.Release|Any CPU.Build.0 = Release|Any CPU
		{83C388E1-A906-4260-9C39-61894EC36771}.Debug|Any CPU.ActiveCfg = Debug|Any CPU
		{83C388E1-A906-4260-9C39-61894EC36771}.Debug|Any CPU.Build.0 = Debug|Any CPU
		{83C388E1-A906-4260-9C39-61894EC36771}.Release|Any CPU.ActiveCfg = Release|Any CPU
		{83C388E1-A906-4260-9C39-61894EC36771}.Release|Any CPU.Build.0 = Release|Any CPU
	EndGlobalSection
	GlobalSection(SolutionProperties) = preSolution
		HideSolutionNode = FALSE
	EndGlobalSection
	GlobalSection(ExtensibilityGlobals) = postSolution
		SolutionGuid = {5929491F-949C-42E4-A9EB-99732C4BE487}
	EndGlobalSection
EndGlobal
